Microsoft Visual Studio Solution File, Format Version 12.00
# Visual Studio Version 17
VisualStudioVersion = 17.5.2.0
MinimumVisualStudioVersion = 10.0.40219.1
Project("{FAE04EC0-301F-11D3-BF4B-00C04F79EFBC}") = "projet_1", "projet_1.csproj", "{1C653673-E5CD-7490-BF05-8CFE05D75441}"
EndProject
Global
	GlobalSection(SolutionConfigurationPlatforms) = preSolution
		Debug|Any CPU = Debug|Any CPU
		Release|Any CPU = Release|Any CPU
	EndGlobalSection
	GlobalSection(ProjectConfigurationPlatforms) = postSolution
		{1C653673-E5CD-7490-BF05-8CFE05D75441}.Debug|Any CPU.ActiveCfg = Debug|Any CPU
		{1C653673-E5CD-7490-BF05-8CFE05D75441}.Debug|Any CPU.Build.0 = Debug|Any CPU
		{1C653673-E5CD-7490-BF05-8CFE05D75441}.Release|Any CPU.ActiveCfg = Release|Any CPU
		{1C653673-E5CD-7490-BF05-8CFE05D75441}.Release|Any CPU.Build.0 = Release|Any CPU
	EndGlobalSection
	GlobalSection(SolutionProperties) = preSolution
		HideSolutionNode = FALSE
	EndGlobalSection
	GlobalSection(ExtensibilityGlobals) = postSolution
		SolutionGuid = {644713F9-58AA-4FCE-9701-45C655B25B9D}
	EndGlobalSection
EndGlobal
